// !$*UTF8*$!
{
	archiveVersion = 1;
	classes = {
	};
	objectVersion = 46;
	objects = {

/* Begin PBXBuildFile section */
		03547EC7166C7D0300DA12D9 /* main.cpp in Sources */ = {isa = PBXBuildFile; fileRef = 03547EC6166C7D0300DA12D9 /* main.cpp */; };
		03547EC9166C7D0300DA12D9 /* Static_Temporal_Mask.1 in CopyFiles */ = {isa = PBXBuildFile; fileRef = 03547EC8166C7D0300DA12D9 /* Static_Temporal_Mask.1 */; };
/* End PBXBuildFile section */

/* Begin PBXCopyFilesBuildPhase section */
		03547EC0166C7D0300DA12D9 /* CopyFiles */ = {
			isa = PBXCopyFilesBuildPhase;
			buildActionMask = 2147483647;
			dstPath = /usr/share/man/man1/;
			dstSubfolderSpec = 0;
			files = (
				03547EC9166C7D0300DA12D9 /* Static_Temporal_Mask.1 in CopyFiles */,
			);
			runOnlyForDeploymentPostprocessing = 1;
		};
/* End PBXCopyFilesBuildPhase section */

/* Begin PBXFileReference section */
		03547EC2166C7D0300DA12D9 /* Static Temporal Mask */ = {isa = PBXFileReference; explicitFileType = "compiled.mach-o.executable"; includeInIndex = 0; path = "Static Temporal Mask"; sourceTree = BUILT_PRODUCTS_DIR; };
		03547EC6166C7D0300DA12D9 /* main.cpp */ = {isa = PBXFileReference; lastKnownFileType = sourcecode.cpp.cpp; path = main.cpp; sourceTree = "<group>"; };
		03547EC8166C7D0300DA12D9 /* Static_Temporal_Mask.1 */ = {isa = PBXFileReference; lastKnownFileType = text.man; path = Static_Temporal_Mask.1; sourceTree = "<group>"; };
/* End PBXFileReference section */

/* Begin PBXFrameworksBuildPhase section */
		03547EBF166C7D0300DA12D9 /* Frameworks */ = {
			isa = PBXFrameworksBuildPhase;
			buildActionMask = 2147483647;
			files = (
			);
			runOnlyForDeploymentPostprocessing = 0;
		};
/* End PBXFrameworksBuildPhase section */

/* Begin PBXGroup section */
		03547EB7166C7D0300DA12D9 = {
			isa = PBXGroup;
			children = (
				03547EC5166C7D0300DA12D9 /* Static Temporal Mask */,
				03547EC3166C7D0300DA12D9 /* Products */,
			);
			sourceTree = "<group>";
		};
		03547EC3166C7D0300DA12D9 /* Products */ = {
			isa = PBXGroup;
			children = (
				03547EC2166C7D0300DA12D9 /* Static Temporal Mask */,
			);
			name = Products;
			sourceTree = "<group>";
		};
		03547EC5166C7D0300DA12D9 /* Static Temporal Mask */ = {
			isa = PBXGroup;
			children = (
				03547EC6166C7D0300DA12D9 /* main.cpp */,
				03547EC8166C7D0300DA12D9 /* Static_Temporal_Mask.1 */,
			);
			path = "Static Temporal Mask";
			sourceTree = "<group>";
		};
/* End PBXGroup section */

/* Begin PBXNativeTarget section */
		03547EC1166C7D0300DA12D9 /* Static Temporal Mask */ = {
			isa = PBXNativeTarget;
			buildConfigurationList = 03547ECC166C7D0300DA12D9 /* Build configuration list for PBXNativeTarget "Static Temporal Mask" */;
			buildPhases = (
				03547EBE166C7D0300DA12D9 /* Sources */,
				03547EBF166C7D0300DA12D9 /* Frameworks */,
				03547EC0166C7D0300DA12D9 /* CopyFiles */,
			);
			buildRules = (
			);
			dependencies = (
			);
			name = "Static Temporal Mask";
			productName = "Static Temporal Mask";
			productReference = 03547EC2166C7D0300DA12D9 /* Static Temporal Mask */;
			productType = "com.apple.product-type.tool";
		};
/* End PBXNativeTarget section */

/* Begin PBXProject section */
		03547EB9166C7D0300DA12D9 /* Project object */ = {
			isa = PBXProject;
			attributes = {
				LastUpgradeCheck = 0440;
				ORGANIZATIONNAME = "Daniel McLaren";
			};
			buildConfigurationList = 03547EBC166C7D0300DA12D9 /* Build configuration list for PBXProject "Static Temporal Mask" */;
			compatibilityVersion = "Xcode 3.2";
			developmentRegion = English;
			hasScannedForEncodings = 0;
			knownRegions = (
				en,
			);
			mainGroup = 03547EB7166C7D0300DA12D9;
			productRefGroup = 03547EC3166C7D0300DA12D9 /* Products */;
			projectDirPath = "";
			projectRoot = "";
			targets = (
				03547EC1166C7D0300DA12D9 /* Static Temporal Mask */,
			);
		};
/* End PBXProject section */

/* Begin PBXSourcesBuildPhase section */
		03547EBE166C7D0300DA12D9 /* Sources */ = {
			isa = PBXSourcesBuildPhase;
			buildActionMask = 2147483647;
			files = (
				03547EC7166C7D0300DA12D9 /* main.cpp in Sources */,
			);
			runOnlyForDeploymentPostprocessing = 0;
		};
/* End PBXSourcesBuildPhase section */

/* Begin XCBuildConfiguration section */
		03547ECA166C7D0300DA12D9 /* Debug */ = {
			isa = XCBuildConfiguration;
			buildSettings = {
				ALWAYS_SEARCH_USER_PATHS = NO;
				ARCHS = "$(ARCHS_STANDARD_64_BIT)";
				CLANG_CXX_LANGUAGE_STANDARD = "gnu++0x";
				CLANG_ENABLE_OBJC_ARC = YES;
				CLANG_WARN__DUPLICATE_METHOD_MATCH = YES;
				COPY_PHASE_STRIP = NO;
				GCC_C_LANGUAGE_STANDARD = gnu99;
				GCC_DYNAMIC_NO_PIC = NO;
				GCC_ENABLE_OBJC_EXCEPTIONS = YES;
				GCC_OPTIMIZATION_LEVEL = 0;
				GCC_PREPROCESSOR_DEFINITIONS = (
					"DEBUG=1",
					"$(inherited)",
				);
				GCC_SYMBOLS_PRIVATE_EXTERN = NO;
				GCC_WARN_64_TO_32_BIT_CONVERSION = YES;
				GCC_WARN_ABOUT_RETURN_TYPE = YES;
				GCC_WARN_UNINITIALIZED_AUTOS = YES;
				GCC_WARN_UNUSED_VARIABLE = YES;
				MACOSX_DEPLOYMENT_TARGET = 10.7;
				ONLY_ACTIVE_ARCH = YES;
				SDKROOT = macosx;
			};
			name = Debug;
		};
		03547ECB166C7D0300DA12D9 /* Release */ = {
			isa = XCBuildConfiguration;
			buildSettings = {
				ALWAYS_SEARCH_USER_PATHS = NO;
				ARCHS = "$(ARCHS_STANDARD_64_BIT)";
				CLANG_CXX_LANGUAGE_STANDARD = "gnu++0x";
				CLANG_ENABLE_OBJC_ARC = YES;
				CLANG_WARN__DUPLICATE_METHOD_MATCH = YES;
				COPY_PHASE_STRIP = YES;
				DEBUG_INFORMATION_FORMAT = "dwarf-with-dsym";
				GCC_C_LANGUAGE_STANDARD = gnu99;
				GCC_ENABLE_OBJC_EXCEPTIONS = YES;
				GCC_WARN_64_TO_32_BIT_CONVERSION = YES;
				GCC_WARN_ABOUT_RETURN_TYPE = YES;
				GCC_WARN_UNINITIALIZED_AUTOS = YES;
				GCC_WARN_UNUSED_VARIABLE = YES;
				MACOSX_DEPLOYMENT_TARGET = 10.7;
				SDKROOT = macosx;
			};
			name = Release;
		};
		03547ECD166C7D0300DA12D9 /* Debug */ = {
			isa = XCBuildConfiguration;
			buildSettings = {
				PRODUCT_NAME = "$(TARGET_NAME)";
			};
			name = Debug;
		};
		03547ECE166C7D0300DA12D9 /* Release */ = {
			isa = XCBuildConfiguration;
			buildSettings = {
				PRODUCT_NAME = "$(TARGET_NAME)";
			};
			name = Release;
		};
/* End XCBuildConfiguration section */

/* Begin XCConfigurationList section */
		03547EBC166C7D0300DA12D9 /* Build configuration list for PBXProject "Static Temporal Mask" */ = {
			isa = XCConfigurationList;
			buildConfigurations = (
				03547ECA166C7D0300DA12D9 /* Debug */,
				03547ECB166C7D0300DA12D9 /* Release */,
			);
			defaultConfigurationIsVisible = 0;
			defaultConfigurationName = Release;
		};
		03547ECC166C7D0300DA12D9 /* Build configuration list for PBXNativeTarget "Static Temporal Mask" */ = {
			isa = XCConfigurationList;
			buildConfigurations = (
				03547ECD166C7D0300DA12D9 /* Debug */,
				03547ECE166C7D0300DA12D9 /* Release */,
			);
			defaultConfigurationIsVisible = 0;
		};
/* End XCConfigurationList section */
	};
	rootObject = 03547EB9166C7D0300DA12D9 /* Project object */;
}
