// !$*UTF8*$!
{
	archiveVersion = 1;
	classes = {
	};
	objectVersion = 46;
	objects = {

/* Begin PBXBuildFile section */
		03547EC7166C7D0300DA12D9 /* main.cpp in Sources */ = {isa = PBXBuildFile; fileRef = 03547EC6166C7D0300DA12D9 /* main.cpp */; };
		03547EE6166C7D4000DA12D9 /* libopencv_calib3d.2.4.3.dylib in Frameworks */ = {isa = PBXBuildFile; fileRef = 03547ED5166C7D4000DA12D9 /* libopencv_calib3d.2.4.3.dylib */; };
		03547EE7166C7D4100DA12D9 /* libopencv_contrib.2.4.3.dylib in Frameworks */ = {isa = PBXBuildFile; fileRef = 03547ED6166C7D4000DA12D9 /* libopencv_contrib.2.4.3.dylib */; };
		03547EE8166C7D4100DA12D9 /* libopencv_core.2.4.3.dylib in Frameworks */ = {isa = PBXBuildFile; fileRef = 03547ED7166C7D4000DA12D9 /* libopencv_core.2.4.3.dylib */; };
		03547EE9166C7D4100DA12D9 /* libopencv_features2d.2.4.3.dylib in Frameworks */ = {isa = PBXBuildFile; fileRef = 03547ED8166C7D4000DA12D9 /* libopencv_features2d.2.4.3.dylib */; };
		03547EEA166C7D4100DA12D9 /* libopencv_flann.2.4.3.dylib in Frameworks */ = {isa = PBXBuildFile; fileRef = 03547ED9166C7D4000DA12D9 /* libopencv_flann.2.4.3.dylib */; };
		03547EEB166C7D4100DA12D9 /* libopencv_gpu.2.4.3.dylib in Frameworks */ = {isa = PBXBuildFile; fileRef = 03547EDA166C7D4000DA12D9 /* libopencv_gpu.2.4.3.dylib */; };
		03547EEC166C7D4100DA12D9 /* libopencv_highgui.2.4.3.dylib in Frameworks */ = {isa = PBXBuildFile; fileRef = 03547EDB166C7D4000DA12D9 /* libopencv_highgui.2.4.3.dylib */; };
		03547EED166C7D4100DA12D9 /* libopencv_imgproc.2.4.3.dylib in Frameworks */ = {isa = PBXBuildFile; fileRef = 03547EDC166C7D4000DA12D9 /* libopencv_imgproc.2.4.3.dylib */; };
		03547EEE166C7D4100DA12D9 /* libopencv_legacy.2.4.3.dylib in Frameworks */ = {isa = PBXBuildFile; fileRef = 03547EDD166C7D4000DA12D9 /* libopencv_legacy.2.4.3.dylib */; };
		03547EEF166C7D4100DA12D9 /* libopencv_ml.2.4.3.dylib in Frameworks */ = {isa = PBXBuildFile; fileRef = 03547EDE166C7D4000DA12D9 /* libopencv_ml.2.4.3.dylib */; };
		03547EF0166C7D4100DA12D9 /* libopencv_nonfree.2.4.3.dylib in Frameworks */ = {isa = PBXBuildFile; fileRef = 03547EDF166C7D4000DA12D9 /* libopencv_nonfree.2.4.3.dylib */; };
		03547EF1166C7D4100DA12D9 /* libopencv_objdetect.2.4.3.dylib in Frameworks */ = {isa = PBXBuildFile; fileRef = 03547EE0166C7D4000DA12D9 /* libopencv_objdetect.2.4.3.dylib */; };
		03547EF2166C7D4100DA12D9 /* libopencv_photo.2.4.3.dylib in Frameworks */ = {isa = PBXBuildFile; fileRef = 03547EE1166C7D4000DA12D9 /* libopencv_photo.2.4.3.dylib */; };
		03547EF3166C7D4100DA12D9 /* libopencv_stitching.2.4.3.dylib in Frameworks */ = {isa = PBXBuildFile; fileRef = 03547EE2166C7D4000DA12D9 /* libopencv_stitching.2.4.3.dylib */; };
		03547EF4166C7D4100DA12D9 /* libopencv_ts.2.4.3.dylib in Frameworks */ = {isa = PBXBuildFile; fileRef = 03547EE3166C7D4000DA12D9 /* libopencv_ts.2.4.3.dylib */; };
		03547EF5166C7D4100DA12D9 /* libopencv_video.2.4.3.dylib in Frameworks */ = {isa = PBXBuildFile; fileRef = 03547EE4166C7D4000DA12D9 /* libopencv_video.2.4.3.dylib */; };
		03547EF6166C7D4100DA12D9 /* libopencv_videostab.2.4.3.dylib in Frameworks */ = {isa = PBXBuildFile; fileRef = 03547EE5166C7D4000DA12D9 /* libopencv_videostab.2.4.3.dylib */; };
		037C78CD166FDD2400FA6536 /* temporal_mask01.jpg in CopyFiles */ = {isa = PBXBuildFile; fileRef = 03547EFC166C7E0200DA12D9 /* temporal_mask01.jpg */; };
/* End PBXBuildFile section */

/* Begin PBXCopyFilesBuildPhase section */
		03547EC0166C7D0300DA12D9 /* CopyFiles */ = {
			isa = PBXCopyFilesBuildPhase;
			buildActionMask = 12;
			dstPath = "";
			dstSubfolderSpec = 16;
			files = (
				037C78CD166FDD2400FA6536 /* temporal_mask01.jpg in CopyFiles */,
			);
			runOnlyForDeploymentPostprocessing = 0;
		};
/* End PBXCopyFilesBuildPhase section */

/* Begin PBXFileReference section */
		03547EC2166C7D0300DA12D9 /* Static Temporal Mask */ = {isa = PBXFileReference; explicitFileType = "compiled.mach-o.executable"; includeInIndex = 0; path = "Static Temporal Mask"; sourceTree = BUILT_PRODUCTS_DIR; };
		03547EC6166C7D0300DA12D9 /* main.cpp */ = {isa = PBXFileReference; lastKnownFileType = sourcecode.cpp.cpp; path = main.cpp; sourceTree = "<group>"; };
		03547ED5166C7D4000DA12D9 /* libopencv_calib3d.2.4.3.dylib */ = {isa = PBXFileReference; lastKnownFileType = "compiled.mach-o.dylib"; name = libopencv_calib3d.2.4.3.dylib; path = ../../../../../../../../../usr/local/Cellar/opencv/2.4.3/lib/libopencv_calib3d.2.4.3.dylib; sourceTree = "<group>"; };
		03547ED6166C7D4000DA12D9 /* libopencv_contrib.2.4.3.dylib */ = {isa = PBXFileReference; lastKnownFileType = "compiled.mach-o.dylib"; name = libopencv_contrib.2.4.3.dylib; path = ../../../../../../../../../usr/local/Cellar/opencv/2.4.3/lib/libopencv_contrib.2.4.3.dylib; sourceTree = "<group>"; };
		03547ED7166C7D4000DA12D9 /* libopencv_core.2.4.3.dylib */ = {isa = PBXFileReference; lastKnownFileType = "compiled.mach-o.dylib"; name = libopencv_core.2.4.3.dylib; path = ../../../../../../../../../usr/local/Cellar/opencv/2.4.3/lib/libopencv_core.2.4.3.dylib; sourceTree = "<group>"; };
		03547ED8166C7D4000DA12D9 /* libopencv_features2d.2.4.3.dylib */ = {isa = PBXFileReference; lastKnownFileType = "compiled.mach-o.dylib"; name = libopencv_features2d.2.4.3.dylib; path = ../../../../../../../../../usr/local/Cellar/opencv/2.4.3/lib/libopencv_features2d.2.4.3.dylib; sourceTree = "<group>"; };
		03547ED9166C7D4000DA12D9 /* libopencv_flann.2.4.3.dylib */ = {isa = PBXFileReference; lastKnownFileType = "compiled.mach-o.dylib"; name = libopencv_flann.2.4.3.dylib; path = ../../../../../../../../../usr/local/Cellar/opencv/2.4.3/lib/libopencv_flann.2.4.3.dylib; sourceTree = "<group>"; };
		03547EDA166C7D4000DA12D9 /* libopencv_gpu.2.4.3.dylib */ = {isa = PBXFileReference; lastKnownFileType = "compiled.mach-o.dylib"; name = libopencv_gpu.2.4.3.dylib; path = ../../../../../../../../../usr/local/Cellar/opencv/2.4.3/lib/libopencv_gpu.2.4.3.dylib; sourceTree = "<group>"; };
		03547EDB166C7D4000DA12D9 /* libopencv_highgui.2.4.3.dylib */ = {isa = PBXFileReference; lastKnownFileType = "compiled.mach-o.dylib"; name = libopencv_highgui.2.4.3.dylib; path = ../../../../../../../../../usr/local/Cellar/opencv/2.4.3/lib/libopencv_highgui.2.4.3.dylib; sourceTree = "<group>"; };
		03547EDC166C7D4000DA12D9 /* libopencv_imgproc.2.4.3.dylib */ = {isa = PBXFileReference; lastKnownFileType = "compiled.mach-o.dylib"; name = libopencv_imgproc.2.4.3.dylib; path = ../../../../../../../../../usr/local/Cellar/opencv/2.4.3/lib/libopencv_imgproc.2.4.3.dylib; sourceTree = "<group>"; };
		03547EDD166C7D4000DA12D9 /* libopencv_legacy.2.4.3.dylib */ = {isa = PBXFileReference; lastKnownFileType = "compiled.mach-o.dylib"; name = libopencv_legacy.2.4.3.dylib; path = ../../../../../../../../../usr/local/Cellar/opencv/2.4.3/lib/libopencv_legacy.2.4.3.dylib; sourceTree = "<group>"; };
		03547EDE166C7D4000DA12D9 /* libopencv_ml.2.4.3.dylib */ = {isa = PBXFileReference; lastKnownFileType = "compiled.mach-o.dylib"; name = libopencv_ml.2.4.3.dylib; path = ../../../../../../../../../usr/local/Cellar/opencv/2.4.3/lib/libopencv_ml.2.4.3.dylib; sourceTree = "<group>"; };
		03547EDF166C7D4000DA12D9 /* libopencv_nonfree.2.4.3.dylib */ = {isa = PBXFileReference; lastKnownFileType = "compiled.mach-o.dylib"; name = libopencv_nonfree.2.4.3.dylib; path = ../../../../../../../../../usr/local/Cellar/opencv/2.4.3/lib/libopencv_nonfree.2.4.3.dylib; sourceTree = "<group>"; };
		03547EE0166C7D4000DA12D9 /* libopencv_objdetect.2.4.3.dylib */ = {isa = PBXFileReference; lastKnownFileType = "compiled.mach-o.dylib"; name = libopencv_objdetect.2.4.3.dylib; path = ../../../../../../../../../usr/local/Cellar/opencv/2.4.3/lib/libopencv_objdetect.2.4.3.dylib; sourceTree = "<group>"; };
		03547EE1166C7D4000DA12D9 /* libopencv_photo.2.4.3.dylib */ = {isa = PBXFileReference; lastKnownFileType = "compiled.mach-o.dylib"; name = libopencv_photo.2.4.3.dylib; path = ../../../../../../../../../usr/local/Cellar/opencv/2.4.3/lib/libopencv_photo.2.4.3.dylib; sourceTree = "<group>"; };
		03547EE2166C7D4000DA12D9 /* libopencv_stitching.2.4.3.dylib */ = {isa = PBXFileReference; lastKnownFileType = "compiled.mach-o.dylib"; name = libopencv_stitching.2.4.3.dylib; path = ../../../../../../../../../usr/local/Cellar/opencv/2.4.3/lib/libopencv_stitching.2.4.3.dylib; sourceTree = "<group>"; };
		03547EE3166C7D4000DA12D9 /* libopencv_ts.2.4.3.dylib */ = {isa = PBXFileReference; lastKnownFileType = "compiled.mach-o.dylib"; name = libopencv_ts.2.4.3.dylib; path = ../../../../../../../../../usr/local/Cellar/opencv/2.4.3/lib/libopencv_ts.2.4.3.dylib; sourceTree = "<group>"; };
		03547EE4166C7D4000DA12D9 /* libopencv_video.2.4.3.dylib */ = {isa = PBXFileReference; lastKnownFileType = "compiled.mach-o.dylib"; name = libopencv_video.2.4.3.dylib; path = ../../../../../../../../../usr/local/Cellar/opencv/2.4.3/lib/libopencv_video.2.4.3.dylib; sourceTree = "<group>"; };
		03547EE5166C7D4000DA12D9 /* libopencv_videostab.2.4.3.dylib */ = {isa = PBXFileReference; lastKnownFileType = "compiled.mach-o.dylib"; name = libopencv_videostab.2.4.3.dylib; path = ../../../../../../../../../usr/local/Cellar/opencv/2.4.3/lib/libopencv_videostab.2.4.3.dylib; sourceTree = "<group>"; };
		03547EFC166C7E0200DA12D9 /* temporal_mask01.jpg */ = {isa = PBXFileReference; lastKnownFileType = image.jpeg; path = temporal_mask01.jpg; sourceTree = "<group>"; };
/* End PBXFileReference section */

/* Begin PBXFrameworksBuildPhase section */
		03547EBF166C7D0300DA12D9 /* Frameworks */ = {
			isa = PBXFrameworksBuildPhase;
			buildActionMask = 2147483647;
			files = (
				03547EE6166C7D4000DA12D9 /* libopencv_calib3d.2.4.3.dylib in Frameworks */,
				03547EE7166C7D4100DA12D9 /* libopencv_contrib.2.4.3.dylib in Frameworks */,
				03547EE8166C7D4100DA12D9 /* libopencv_core.2.4.3.dylib in Frameworks */,
				03547EE9166C7D4100DA12D9 /* libopencv_features2d.2.4.3.dylib in Frameworks */,
				03547EEA166C7D4100DA12D9 /* libopencv_flann.2.4.3.dylib in Frameworks */,
				03547EEB166C7D4100DA12D9 /* libopencv_gpu.2.4.3.dylib in Frameworks */,
				03547EEC166C7D4100DA12D9 /* libopencv_highgui.2.4.3.dylib in Frameworks */,
				03547EED166C7D4100DA12D9 /* libopencv_imgproc.2.4.3.dylib in Frameworks */,
				03547EEE166C7D4100DA12D9 /* libopencv_legacy.2.4.3.dylib in Frameworks */,
				03547EEF166C7D4100DA12D9 /* libopencv_ml.2.4.3.dylib in Frameworks */,
				03547EF0166C7D4100DA12D9 /* libopencv_nonfree.2.4.3.dylib in Frameworks */,
				03547EF1166C7D4100DA12D9 /* libopencv_objdetect.2.4.3.dylib in Frameworks */,
				03547EF2166C7D4100DA12D9 /* libopencv_photo.2.4.3.dylib in Frameworks */,
				03547EF3166C7D4100DA12D9 /* libopencv_stitching.2.4.3.dylib in Frameworks */,
				03547EF4166C7D4100DA12D9 /* libopencv_ts.2.4.3.dylib in Frameworks */,
				03547EF5166C7D4100DA12D9 /* libopencv_video.2.4.3.dylib in Frameworks */,
				03547EF6166C7D4100DA12D9 /* libopencv_videostab.2.4.3.dylib in Frameworks */,
			);
			runOnlyForDeploymentPostprocessing = 0;
		};
/* End PBXFrameworksBuildPhase section */

/* Begin PBXGroup section */
		03547EB7166C7D0300DA12D9 = {
			isa = PBXGroup;
			children = (
				03547ED4166C7D3700DA12D9 /* OpenCV */,
				03547EC5166C7D0300DA12D9 /* Static Temporal Mask */,
				03547EC3166C7D0300DA12D9 /* Products */,
			);
			sourceTree = "<group>";
		};
		03547EC3166C7D0300DA12D9 /* Products */ = {
			isa = PBXGroup;
			children = (
				03547EC2166C7D0300DA12D9 /* Static Temporal Mask */,
			);
			name = Products;
			sourceTree = "<group>";
		};
		03547EC5166C7D0300DA12D9 /* Static Temporal Mask */ = {
			isa = PBXGroup;
			children = (
				03547EC6166C7D0300DA12D9 /* main.cpp */,
				03547EFC166C7E0200DA12D9 /* temporal_mask01.jpg */,
			);
			path = "Static Temporal Mask";
			sourceTree = "<group>";
		};
		03547ED4166C7D3700DA12D9 /* OpenCV */ = {
			isa = PBXGroup;
			children = (
				03547ED5166C7D4000DA12D9 /* libopencv_calib3d.2.4.3.dylib */,
				03547ED6166C7D4000DA12D9 /* libopencv_contrib.2.4.3.dylib */,
				03547ED7166C7D4000DA12D9 /* libopencv_core.2.4.3.dylib */,
				03547ED8166C7D4000DA12D9 /* libopencv_features2d.2.4.3.dylib */,
				03547ED9166C7D4000DA12D9 /* libopencv_flann.2.4.3.dylib */,
				03547EDA166C7D4000DA12D9 /* libopencv_gpu.2.4.3.dylib */,
				03547EDB166C7D4000DA12D9 /* libopencv_highgui.2.4.3.dylib */,
				03547EDC166C7D4000DA12D9 /* libopencv_imgproc.2.4.3.dylib */,
				03547EDD166C7D4000DA12D9 /* libopencv_legacy.2.4.3.dylib */,
				03547EDE166C7D4000DA12D9 /* libopencv_ml.2.4.3.dylib */,
				03547EDF166C7D4000DA12D9 /* libopencv_nonfree.2.4.3.dylib */,
				03547EE0166C7D4000DA12D9 /* libopencv_objdetect.2.4.3.dylib */,
				03547EE1166C7D4000DA12D9 /* libopencv_photo.2.4.3.dylib */,
				03547EE2166C7D4000DA12D9 /* libopencv_stitching.2.4.3.dylib */,
				03547EE3166C7D4000DA12D9 /* libopencv_ts.2.4.3.dylib */,
				03547EE4166C7D4000DA12D9 /* libopencv_video.2.4.3.dylib */,
				03547EE5166C7D4000DA12D9 /* libopencv_videostab.2.4.3.dylib */,
			);
			name = OpenCV;
			sourceTree = "<group>";
		};
/* End PBXGroup section */

/* Begin PBXNativeTarget section */
		03547EC1166C7D0300DA12D9 /* Static Temporal Mask */ = {
			isa = PBXNativeTarget;
			buildConfigurationList = 03547ECC166C7D0300DA12D9 /* Build configuration list for PBXNativeTarget "Static Temporal Mask" */;
			buildPhases = (
				03547EBE166C7D0300DA12D9 /* Sources */,
				03547EBF166C7D0300DA12D9 /* Frameworks */,
				03547EC0166C7D0300DA12D9 /* CopyFiles */,
			);
			buildRules = (
			);
			dependencies = (
			);
			name = "Static Temporal Mask";
			productName = "Static Temporal Mask";
			productReference = 03547EC2166C7D0300DA12D9 /* Static Temporal Mask */;
			productType = "com.apple.product-type.tool";
		};
/* End PBXNativeTarget section */

/* Begin PBXProject section */
		03547EB9166C7D0300DA12D9 /* Project object */ = {
			isa = PBXProject;
			attributes = {
				LastUpgradeCheck = 0440;
				ORGANIZATIONNAME = "Daniel McLaren";
			};
			buildConfigurationList = 03547EBC166C7D0300DA12D9 /* Build configuration list for PBXProject "Static Temporal Mask" */;
			compatibilityVersion = "Xcode 3.2";
			developmentRegion = English;
			hasScannedForEncodings = 0;
			knownRegions = (
				en,
			);
			mainGroup = 03547EB7166C7D0300DA12D9;
			productRefGroup = 03547EC3166C7D0300DA12D9 /* Products */;
			projectDirPath = "";
			projectRoot = "";
			targets = (
				03547EC1166C7D0300DA12D9 /* Static Temporal Mask */,
			);
		};
/* End PBXProject section */

/* Begin PBXSourcesBuildPhase section */
		03547EBE166C7D0300DA12D9 /* Sources */ = {
			isa = PBXSourcesBuildPhase;
			buildActionMask = 2147483647;
			files = (
				03547EC7166C7D0300DA12D9 /* main.cpp in Sources */,
			);
			runOnlyForDeploymentPostprocessing = 0;
		};
/* End PBXSourcesBuildPhase section */

/* Begin XCBuildConfiguration section */
		03547ECA166C7D0300DA12D9 /* Debug */ = {
			isa = XCBuildConfiguration;
			buildSettings = {
				ALWAYS_SEARCH_USER_PATHS = NO;
				ARCHS = "$(ARCHS_STANDARD_64_BIT)";
				CLANG_CXX_LANGUAGE_STANDARD = "gnu++0x";
				CLANG_ENABLE_OBJC_ARC = YES;
				CLANG_WARN__DUPLICATE_METHOD_MATCH = YES;
				COPY_PHASE_STRIP = NO;
				GCC_C_LANGUAGE_STANDARD = gnu99;
				GCC_DYNAMIC_NO_PIC = NO;
				GCC_ENABLE_OBJC_EXCEPTIONS = YES;
				GCC_OPTIMIZATION_LEVEL = 0;
				GCC_PREPROCESSOR_DEFINITIONS = (
					"DEBUG=1",
					"$(inherited)",
				);
				GCC_SYMBOLS_PRIVATE_EXTERN = NO;
				GCC_WARN_64_TO_32_BIT_CONVERSION = YES;
				GCC_WARN_ABOUT_RETURN_TYPE = YES;
				GCC_WARN_UNINITIALIZED_AUTOS = YES;
				GCC_WARN_UNUSED_VARIABLE = YES;
				HEADER_SEARCH_PATHS = /usr/local/Cellar/opencv/2.4.3/include;
				MACOSX_DEPLOYMENT_TARGET = 10.7;
				ONLY_ACTIVE_ARCH = YES;
				SDKROOT = macosx;
			};
			name = Debug;
		};
		03547ECB166C7D0300DA12D9 /* Release */ = {
			isa = XCBuildConfiguration;
			buildSettings = {
				ALWAYS_SEARCH_USER_PATHS = NO;
				ARCHS = "$(ARCHS_STANDARD_64_BIT)";
				CLANG_CXX_LANGUAGE_STANDARD = "gnu++0x";
				CLANG_ENABLE_OBJC_ARC = YES;
				CLANG_WARN__DUPLICATE_METHOD_MATCH = YES;
				COPY_PHASE_STRIP = YES;
				DEBUG_INFORMATION_FORMAT = "dwarf-with-dsym";
				GCC_C_LANGUAGE_STANDARD = gnu99;
				GCC_ENABLE_OBJC_EXCEPTIONS = YES;
				GCC_WARN_64_TO_32_BIT_CONVERSION = YES;
				GCC_WARN_ABOUT_RETURN_TYPE = YES;
				GCC_WARN_UNINITIALIZED_AUTOS = YES;
				GCC_WARN_UNUSED_VARIABLE = YES;
				HEADER_SEARCH_PATHS = /usr/local/Cellar/opencv/2.4.3/include;
				MACOSX_DEPLOYMENT_TARGET = 10.7;
				SDKROOT = macosx;
			};
			name = Release;
		};
		03547ECD166C7D0300DA12D9 /* Debug */ = {
			isa = XCBuildConfiguration;
			buildSettings = {
				LIBRARY_SEARCH_PATHS = (
					"$(inherited)",
					/usr/local/Cellar/opencv/2.4.3/lib,
				);
				PRODUCT_NAME = "$(TARGET_NAME)";
			};
			name = Debug;
		};
		03547ECE166C7D0300DA12D9 /* Release */ = {
			isa = XCBuildConfiguration;
			buildSettings = {
				LIBRARY_SEARCH_PATHS = (
					"$(inherited)",
					/usr/local/Cellar/opencv/2.4.3/lib,
				);
				PRODUCT_NAME = "$(TARGET_NAME)";
			};
			name = Release;
		};
/* End XCBuildConfiguration section */

/* Begin XCConfigurationList section */
		03547EBC166C7D0300DA12D9 /* Build configuration list for PBXProject "Static Temporal Mask" */ = {
			isa = XCConfigurationList;
			buildConfigurations = (
				03547ECA166C7D0300DA12D9 /* Debug */,
				03547ECB166C7D0300DA12D9 /* Release */,
			);
			defaultConfigurationIsVisible = 0;
			defaultConfigurationName = Release;
		};
		03547ECC166C7D0300DA12D9 /* Build configuration list for PBXNativeTarget "Static Temporal Mask" */ = {
			isa = XCConfigurationList;
			buildConfigurations = (
				03547ECD166C7D0300DA12D9 /* Debug */,
				03547ECE166C7D0300DA12D9 /* Release */,
			);
			defaultConfigurationIsVisible = 0;
			defaultConfigurationName = Release;
		};
/* End XCConfigurationList section */
	};
	rootObject = 03547EB9166C7D0300DA12D9 /* Project object */;
}
